
Microsoft Visual Studio Solution File, Format Version 12.00
# Visual Studio Version 17
VisualStudioVersion = 17.12.35527.113 d17.12
MinimumVisualStudioVersion = 10.0.40219.1
Project("{FAE04EC0-301F-11D3-BF4B-00C04F79EFBC}") = "EFCORE_1", "EFCORE_1\EFCORE_1.csproj", "{DB390A43-FBB1-4048-86A8-A3D23632973C}"
EndProject
Global
	GlobalSection(SolutionConfigurationPlatforms) = preSolution
		Debug|Any CPU = Debug|Any CPU
		Release|Any CPU = Release|Any CPU
	EndGlobalSection
	GlobalSection(ProjectConfigurationPlatforms) = postSolution
		{DB390A43-FBB1-4048-86A8-A3D23632973C}.Debug|Any CPU.ActiveCfg = Debug|Any CPU
		{DB390A43-FBB1-4048-86A8-A3D23632973C}.Debug|Any CPU.Build.0 = Debug|Any CPU
		{DB390A43-FBB1-4048-86A8-A3D23632973C}.Release|Any CPU.ActiveCfg = Release|Any CPU
		{DB390A43-FBB1-4048-86A8-A3D23632973C}.Release|Any CPU.Build.0 = Release|Any CPU
	EndGlobalSection
	GlobalSection(SolutionProperties) = preSolution
		HideSolutionNode = FALSE
	EndGlobalSection
EndGlobal
